
Microsoft Visual Studio Solution File, Format Version 12.00
# Visual Studio 15
VisualStudioVersion = 15.0.27703.2035
MinimumVisualStudioVersion = 10.0.40219.1
Project("{2150E333-8FDC-42A3-9474-1A3956D46DE8}") = "Solution Items", "Solution Items", "{CC8D54DA-6462-44B5-ABD0-72CC958DCBC1}"
	ProjectSection(SolutionItems) = preProject
		AS.sql = AS.sql
		AVG.sql = AVG.sql
		COUNT.sql = COUNT.sql
		DISTINCT.sql = DISTINCT.sql
		EXCEPT.sql = EXCEPT.sql
		GROUP BY, HAVING.sql = GROUP BY, HAVING.sql
		IN.sql = IN.sql
		INNER JOIN.sql = INNER JOIN.sql
		INTERSECT.sql = INTERSECT.sql
		ITVDN.sql = ITVDN.sql
		JOIN.sql = JOIN.sql
		LEFT JOIN, RIGHT JOIN.sql = LEFT JOIN, RIGHT JOIN.sql
		ORDER BY.sql = ORDER BY.sql
		SELECT INTO.sql = SELECT INTO.sql
		SELECT.sql = SELECT.sql
		UNION.sql = UNION.sql
	EndProjectSection
EndProject
Project("{2150E333-8FDC-42A3-9474-1A3956D46DE8}") = "InternetStoreDb", "InternetStoreDb", "{669FE802-9C72-403B-BB4E-DFD6AA95BB08}"
	ProjectSection(SolutionItems) = preProject
		001_Database creation.sql = 001_Database creation.sql
		002_Trigger.sql = 002_Trigger.sql
		003_Query.sql = 003_Query.sql
		004_Subquery. Function.sql = 004_Subquery. Function.sql
	EndProjectSection
EndProject
Project("{2150E333-8FDC-42A3-9474-1A3956D46DE8}") = "SQL Essential", "SQL Essential", "{8F8354EB-0229-42B3-98B4-6B3D912199F6}"
EndProject
Project("{2150E333-8FDC-42A3-9474-1A3956D46DE8}") = "001_DataTypes", "001_DataTypes", "{C9D5AB5C-A23C-4FA9-92AC-F5AF21DD56BE}"
	ProjectSection(SolutionItems) = preProject
		001_DataTypes\001_SqlDataTypes.sql = 001_DataTypes\001_SqlDataTypes.sql
		001_DataTypes\002_IntegersDataTypes.sql = 001_DataTypes\002_IntegersDataTypes.sql
		001_DataTypes\003_RealsDataTypes.sql = 001_DataTypes\003_RealsDataTypes.sql
		001_DataTypes\004_TextDataTypes.sql = 001_DataTypes\004_TextDataTypes.sql
		001_DataTypes\005_DateDataTypes.sql = 001_DataTypes\005_DateDataTypes.sql
		001_DataTypes\006_BinaryDataTypes.sql = 001_DataTypes\006_BinaryDataTypes.sql
		001_DataTypes\007_CreateDataBase.sql = 001_DataTypes\007_CreateDataBase.sql
	EndProjectSection
EndProject
Project("{2150E333-8FDC-42A3-9474-1A3956D46DE8}") = "SQL Practice", "SQL Practice", "{17CDDE26-DDE9-485F-927A-ACB9DF554758}"
	ProjectSection(SolutionItems) = preProject
		SQL Practice\003_Query\003_Query answer.sql = SQL Practice\003_Query\003_Query answer.sql
	EndProjectSection
EndProject
Project("{2150E333-8FDC-42A3-9474-1A3956D46DE8}") = "001_Database creation", "001_Database creation", "{2787D223-1F55-4CBE-9392-C416FA614F09}"
	ProjectSection(SolutionItems) = preProject
		SQL Practice\001_Database creation\001_Database creation answer.sql = SQL Practice\001_Database creation\001_Database creation answer.sql
		SQL Practice\001_Database creation\001_Database creation.sql = SQL Practice\001_Database creation\001_Database creation.sql
		SQL Practice\001_Database creation\001_Database creation.xps = SQL Practice\001_Database creation\001_Database creation.xps
	EndProjectSection
EndProject
Project("{2150E333-8FDC-42A3-9474-1A3956D46DE8}") = "003_Bases  DDL", "003_Bases  DDL", "{A005DA23-842D-4150-BC40-917501CEDDA1}"
	ProjectSection(SolutionItems) = preProject
		003_Bases  DDL\001_DataBaseDefinition.sql = 003_Bases  DDL\001_DataBaseDefinition.sql
		003_Bases  DDL\002_TableDefinition.sql = 003_Bases  DDL\002_TableDefinition.sql
		003_Bases  DDL\003 Основы DDL (Presentation).xps = 003_Bases  DDL\003 Основы DDL (Presentation).xps
		003_Bases  DDL\003_Primary_Key.sql = 003_Bases  DDL\003_Primary_Key.sql
		003_Bases  DDL\004_Foreign_Key.sql = 003_Bases  DDL\004_Foreign_Key.sql
		003_Bases  DDL\005_Cascading_Referential_Integrity_Constraints.sql = 003_Bases  DDL\005_Cascading_Referential_Integrity_Constraints.sql
		003_Bases  DDL\006_CheckConstraints.sql = 003_Bases  DDL\006_CheckConstraints.sql
		003_Bases  DDL\007_Relations.sql = 003_Bases  DDL\007_Relations.sql
	EndProjectSection
EndProject
Project("{2150E333-8FDC-42A3-9474-1A3956D46DE8}") = "002_Trigger", "002_Trigger", "{39A16C1F-D997-4E27-889F-9E30630FB8E9}"
	ProjectSection(SolutionItems) = preProject
		SQL Practice\002_Trigger\002_Trigger answer.sql = SQL Practice\002_Trigger\002_Trigger answer.sql
		SQL Practice\002_Trigger\002_Trigger.sql = SQL Practice\002_Trigger\002_Trigger.sql
	EndProjectSection
EndProject
Project("{2150E333-8FDC-42A3-9474-1A3956D46DE8}") = "009_Transactions_Triggers", "009_Transactions_Triggers", "{991677AF-7E54-416A-80FF-C9716D0CAA78}"
EndProject
Project("{2150E333-8FDC-42A3-9474-1A3956D46DE8}") = "Metanit", "Metanit", "{26674977-0161-4CCF-AA96-78E8C2562D03}"
	ProjectSection(SolutionItems) = preProject
		1.First T-SQL query.sql = 1.First T-SQL query.sql
		10. SQL Server grouping extensions.sql = 10. SQL Server grouping extensions.sql
		11. Subquery.sql = 11. Subquery.sql
		2. T-SQL Essential. DML. Adding data. Insert command.sql = 2. T-SQL Essential. DML. Adding data. Insert command.sql
		3. Selection data. SELECT command.sql = 3. Selection data. SELECT command.sql
		4 .Sorting. ORDER BY.sql = 4 .Sorting. ORDER BY.sql
		5. Select range of rows.sql = 5. Select range of rows.sql
		6. Filtering. WHERE.sql = 6. Filtering. WHERE.sql
		7. Filter operators.sql = 7. Filter operators.sql
		8. Grouping. Aggregate function.sql = 8. Grouping. Aggregate function.sql
		9. GROUP BY and HAVING operators.sql = 9. GROUP BY and HAVING operators.sql
	EndProjectSection
EndProject
Project("{2150E333-8FDC-42A3-9474-1A3956D46DE8}") = "004_Subquery. Function", "004_Subquery. Function", "{78045CCE-EA19-4BCE-B009-14DFF6D773F3}"
	ProjectSection(SolutionItems) = preProject
		SQL Practice\004_Subquery. Function\004_Subquery. Function answer.sql = SQL Practice\004_Subquery. Function\004_Subquery. Function answer.sql
	EndProjectSection
EndProject
Global
	GlobalSection(SolutionProperties) = preSolution
		HideSolutionNode = FALSE
	EndGlobalSection
	GlobalSection(NestedProjects) = preSolution
		{C9D5AB5C-A23C-4FA9-92AC-F5AF21DD56BE} = {8F8354EB-0229-42B3-98B4-6B3D912199F6}
		{2787D223-1F55-4CBE-9392-C416FA614F09} = {17CDDE26-DDE9-485F-927A-ACB9DF554758}
		{A005DA23-842D-4150-BC40-917501CEDDA1} = {8F8354EB-0229-42B3-98B4-6B3D912199F6}
		{39A16C1F-D997-4E27-889F-9E30630FB8E9} = {17CDDE26-DDE9-485F-927A-ACB9DF554758}
		{991677AF-7E54-416A-80FF-C9716D0CAA78} = {8F8354EB-0229-42B3-98B4-6B3D912199F6}
		{78045CCE-EA19-4BCE-B009-14DFF6D773F3} = {17CDDE26-DDE9-485F-927A-ACB9DF554758}
	EndGlobalSection
	GlobalSection(ExtensibilityGlobals) = postSolution
		SolutionGuid = {0EDFDD81-1445-453A-943D-E408AACFC21F}
	EndGlobalSection
EndGlobal
